# THIS IS AN AUTOGENERATED FILE. DO NOT EDIT THIS FILE DIRECTLY.
# yarn lockfile v1


express-rate-limit@^7.2.0:
  version "7.2.0"
  resolved "https://registry.yarnpkg.com/express-rate-limit/-/express-rate-limit-7.2.0.tgz#06ce387dd5388f429cab8263c514fc07bf90a445"
  integrity sha512-T7nul1t4TNyfZMJ7pKRKkdeVJWa2CqB8NA1P8BwYaoDI5QSBZARv5oMS43J7b7I5P+4asjVXjb7ONuwDKucahg==

helmet@^7.1.0:
  version "7.1.0"
  resolved "https://registry.yarnpkg.com/helmet/-/helmet-7.1.0.tgz#287279e00f8a3763d5dccbaf1e5ee39b8c3784ca"
  integrity sha512-g+HZqgfbpXdCkme/Cd/mZkV0aV3BZZZSugecH03kl38m/Kmdx8jKjBikpDj2cr+Iynv4KpYEviojNdTJActJAg==
